
Microsoft Visual Studio Solution File, Format Version 12.00
# Visual Studio Version 17
VisualStudioVersion = 17.13.35828.75
MinimumVisualStudioVersion = 10.0.40219.1
Project("{FAE04EC0-301F-11D3-BF4B-00C04F79EFBC}") = "Backend", "Backend.csproj", "{BEAF62BA-696A-405C-AC9E-B4F014C072A7}"
EndProject
Project("{FAE04EC0-301F-11D3-BF4B-00C04F79EFBC}") = "Backend.Tests", "..\Backend.Tests\Backend.Tests.csproj", "{F7CEDA83-60D1-46E5-998D-485C24A051EC}"
EndProject
Project("{FAE04EC0-301F-11D3-BF4B-00C04F79EFBC}") = "FrontEnd", "..\FrontEnd\Frontend\FrontEnd.csproj", "{279DEC50-7783-4FC4-B8AE-FB197C5325AA}"
EndProject
Global
	GlobalSection(SolutionConfigurationPlatforms) = preSolution
		Debug|Any CPU = Debug|Any CPU
		Release|Any CPU = Release|Any CPU
	EndGlobalSection
	GlobalSection(ProjectConfigurationPlatforms) = postSolution
		{BEAF62BA-696A-405C-AC9E-B4F014C072A7}.Debug|Any CPU.ActiveCfg = Debug|Any CPU
		{BEAF62BA-696A-405C-AC9E-B4F014C072A7}.Debug|Any CPU.Build.0 = Debug|Any CPU
		{BEAF62BA-696A-405C-AC9E-B4F014C072A7}.Release|Any CPU.ActiveCfg = Release|Any CPU
		{BEAF62BA-696A-405C-AC9E-B4F014C072A7}.Release|Any CPU.Build.0 = Release|Any CPU
		{F7CEDA83-60D1-46E5-998D-485C24A051EC}.Debug|Any CPU.ActiveCfg = Debug|Any CPU
		{F7CEDA83-60D1-46E5-998D-485C24A051EC}.Debug|Any CPU.Build.0 = Debug|Any CPU
		{F7CEDA83-60D1-46E5-998D-485C24A051EC}.Release|Any CPU.ActiveCfg = Release|Any CPU
		{F7CEDA83-60D1-46E5-998D-485C24A051EC}.Release|Any CPU.Build.0 = Release|Any CPU
		{279DEC50-7783-4FC4-B8AE-FB197C5325AA}.Debug|Any CPU.ActiveCfg = Debug|Any CPU
		{279DEC50-7783-4FC4-B8AE-FB197C5325AA}.Debug|Any CPU.Build.0 = Debug|Any CPU
		{279DEC50-7783-4FC4-B8AE-FB197C5325AA}.Release|Any CPU.ActiveCfg = Release|Any CPU
		{279DEC50-7783-4FC4-B8AE-FB197C5325AA}.Release|Any CPU.Build.0 = Release|Any CPU
	EndGlobalSection
	GlobalSection(SolutionProperties) = preSolution
		HideSolutionNode = FALSE
	EndGlobalSection
	GlobalSection(ExtensibilityGlobals) = postSolution
		SolutionGuid = {99EF8999-89A2-4EBF-AA24-D9AF3B8F2B7F}
	EndGlobalSection
EndGlobal
